// !$*UTF8*$!
{
	archiveVersion = 1;
	classes = {
	};
	objectVersion = 56;
	objects = {

/* Begin PBXBuildFile section */
		B20873802E4B7F5700E509C5 /* Club Managed Object.swift in Sources */ = {isa = PBXBuildFile; fileRef = B208737F2E4B7F4D00E509C5 /* Club Managed Object.swift */; };
		B20873822E4B803200E509C5 /* Club View Model.swift in Sources */ = {isa = PBXBuildFile; fileRef = B20873812E4B802B00E509C5 /* Club View Model.swift */; };
		B20873842E4B833800E509C5 /* Rank Managed Object.swift in Sources */ = {isa = PBXBuildFile; fileRef = B20873832E4B833300E509C5 /* Rank Managed Object.swift */; };
		B20873862E4B834800E509C5 /* Rank View Model.swift in Sources */ = {isa = PBXBuildFile; fileRef = B20873852E4B834300E509C5 /* Rank View Model.swift */; };
		B20873882E4B881B00E509C5 /* Club Import View.swift in Sources */ = {isa = PBXBuildFile; fileRef = B20873872E4B880E00E509C5 /* Club Import View.swift */; };
		B208738A2E4B8A3F00E509C5 /* Rank Import View.swift in Sources */ = {isa = PBXBuildFile; fileRef = B20873892E4B8A3900E509C5 /* Rank Import View.swift */; };
		B208738C2E4C88DF00E509C5 /* Rank Codes Search View.swift in Sources */ = {isa = PBXBuildFile; fileRef = B208738B2E4C88D600E509C5 /* Rank Codes Search View.swift */; };
		B208738E2E4CCE5A00E509C5 /* Event Codes Search View.swift in Sources */ = {isa = PBXBuildFile; fileRef = B208738D2E4CCE4D00E509C5 /* Event Codes Search View.swift */; };
		B20CFF382994EC8800B09269 /* Validation.swift in Sources */ = {isa = PBXBuildFile; fileRef = B20CFF372994EC8800B09269 /* Validation.swift */; };
		B2250B492F47384A008ACA67 /* Auto Complete.swift in Sources */ = {isa = PBXBuildFile; fileRef = B2250B482F473843008ACA67 /* Auto Complete.swift */; };
		B2250B4B2F484009008ACA67 /* Clickable Text.swift in Sources */ = {isa = PBXBuildFile; fileRef = B2250B4A2F484004008ACA67 /* Clickable Text.swift */; };
		B228E6452F320C5700C24918 /* Member Import.swift in Sources */ = {isa = PBXBuildFile; fileRef = B228E6442F320C5200C24918 /* Member Import.swift */; };
		B245BF1D2E4DB5B0003D74B7 /* Club Codes Search View.swift in Sources */ = {isa = PBXBuildFile; fileRef = B245BF1C2E4DB5A4003D74B7 /* Club Codes Search View.swift */; };
		B2667DA52CF4C37F009036BD /* Bridge Calculations.swift in Sources */ = {isa = PBXBuildFile; fileRef = B2667DA42CF4C37F009036BD /* Bridge Calculations.swift */; };
		B271D0E529A7B70C003C417C /* Notes.txt in Resources */ = {isa = PBXBuildFile; fileRef = B271D0E429A7B70C003C417C /* Notes.txt */; };
		B28D69062994C87E00BA73E5 /* Score Data.swift in Sources */ = {isa = PBXBuildFile; fileRef = B28D69052994C87E00BA73E5 /* Score Data.swift */; };
		B28D69082994CDCD00BA73E5 /* File System.swift in Sources */ = {isa = PBXBuildFile; fileRef = B28D69072994CDCD00BA73E5 /* File System.swift */; };
		B28E7B3C2F3DAC41005282E9 /* Custom Button.swift in Sources */ = {isa = PBXBuildFile; fileRef = B28E7B3B2F3DAC3E005282E9 /* Custom Button.swift */; };
		B2935F3D299A0E5800963910 /* ImportUsebio.xcworkspace in Resources */ = {isa = PBXBuildFile; fileRef = B2935F3C299A0E5800963910 /* ImportUsebio.xcworkspace */; };
		B2A22CC62F4328DB00FC3B0C /* Strata Definition Managed Object.swift in Sources */ = {isa = PBXBuildFile; fileRef = B2A22CC52F4328C900FC3B0C /* Strata Definition Managed Object.swift */; };
		B2A22CC82F432AE400FC3B0C /* Strata Defintion View Model.swift in Sources */ = {isa = PBXBuildFile; fileRef = B2A22CC72F432ADC00FC3B0C /* Strata Defintion View Model.swift */; };
		B2A22CCB2F43409900FC3B0C /* Stratifications View.swift in Sources */ = {isa = PBXBuildFile; fileRef = B2A22CCA2F43409300FC3B0C /* Stratifications View.swift */; };
		B2A784EA29AE293F000425C4 /* Import Rounds.swift in Sources */ = {isa = PBXBuildFile; fileRef = B2A784E929AE293F000425C4 /* Import Rounds.swift */; };
		B2A784EC29B09C87000425C4 /* Show Errors View.swift in Sources */ = {isa = PBXBuildFile; fileRef = B2A784EB29B09C87000425C4 /* Show Errors View.swift */; };
		B2A784EE29B5E765000425C4 /* BridgeWebs Csv Parser.swift in Sources */ = {isa = PBXBuildFile; fileRef = B2A784ED29B5E765000425C4 /* BridgeWebs Csv Parser.swift */; };
		B2BA8A9A2E49F86000B415F5 /* Event Import View.swift in Sources */ = {isa = PBXBuildFile; fileRef = B2BA8A992E49F84F00B415F5 /* Event Import View.swift */; };
		B2BA8A9E2E49FAC200B415F5 /* Drop Delegate.swift in Sources */ = {isa = PBXBuildFile; fileRef = B2BA8A9D2E49FAC200B415F5 /* Drop Delegate.swift */; };
		B2BA8AA22E4A27E900B415F5 /* Event Managed Object.swift in Sources */ = {isa = PBXBuildFile; fileRef = B2BA8AA12E4A27D400B415F5 /* Event Managed Object.swift */; };
		B2BA8AA42E4A290000B415F5 /* Object Model.swift in Sources */ = {isa = PBXBuildFile; fileRef = B2BA8AA32E4A290000B415F5 /* Object Model.swift */; };
		B2BA8AA62E4A2D9300B415F5 /* Master Data.swift in Sources */ = {isa = PBXBuildFile; fileRef = B2BA8AA52E4A2D8F00B415F5 /* Master Data.swift */; };
		B2BA8AA82E4A302000B415F5 /* Event View Model.swift in Sources */ = {isa = PBXBuildFile; fileRef = B2BA8AA72E4A301C00B415F5 /* Event View Model.swift */; };
		B2BA8AAA2E4A3A6A00B415F5 /* Persistence.swift in Sources */ = {isa = PBXBuildFile; fileRef = B2BA8AA92E4A3A6A00B415F5 /* Persistence.swift */; };
		B2C3247029CDAECE005D8DED /* Manual Csv Parser.swift in Sources */ = {isa = PBXBuildFile; fileRef = B2C3246F29CDAECE005D8DED /* Manual Csv Parser.swift */; };
		B2C3247229CEC5D1005D8DED /* Generic Csv Parser.swift in Sources */ = {isa = PBXBuildFile; fileRef = B2C3247129CEC5D1005D8DED /* Generic Csv Parser.swift */; };
		B2C3247429CF6340005D8DED /* Award.bas in Resources */ = {isa = PBXBuildFile; fileRef = B2C3247329CF6340005D8DED /* Award.bas */; };
		B2D601072F3B4D8E00015BD2 /* Member Managed Object.swift in Sources */ = {isa = PBXBuildFile; fileRef = B2D601062F3B4D8400015BD2 /* Member Managed Object.swift */; };
		B2D601092F3B4F0E00015BD2 /* Member View Model.swift in Sources */ = {isa = PBXBuildFile; fileRef = B2D601082F3B4F0800015BD2 /* Member View Model.swift */; };
		B2D6010B2F3C9F3600015BD2 /* Blocked Managed Object.swift in Sources */ = {isa = PBXBuildFile; fileRef = B2D6010A2F3C9F2600015BD2 /* Blocked Managed Object.swift */; };
		B2D6010D2F3CA04600015BD2 /* Blocked View Model.swift in Sources */ = {isa = PBXBuildFile; fileRef = B2D6010C2F3CA04100015BD2 /* Blocked View Model.swift */; };
		B2D6010F2F3CA4D400015BD2 /* Blocked Numbers View.swift in Sources */ = {isa = PBXBuildFile; fileRef = B2D6010E2F3CA4CD00015BD2 /* Blocked Numbers View.swift */; };
		B2E1034D2992785200A35645 /* Preview Assets.xcassets in Resources */ = {isa = PBXBuildFile; fileRef = B2E1034C2992785200A35645 /* Preview Assets.xcassets */; };
		B2E1035929927A6A00A35645 /* MyApp.swift in Sources */ = {isa = PBXBuildFile; fileRef = B2E1035829927A6A00A35645 /* MyApp.swift */; };
		B2E1035B29927AB100A35645 /* UserDefaults.swift in Sources */ = {isa = PBXBuildFile; fileRef = B2E1035A29927AB100A35645 /* UserDefaults.swift */; };
		B2E1035D29927C3300A35645 /* Declarations.swift in Sources */ = {isa = PBXBuildFile; fileRef = B2E1035C29927C3300A35645 /* Declarations.swift */; };
		B2E1036029927E0600A35645 /* Version.swift in Sources */ = {isa = PBXBuildFile; fileRef = B2E1035F29927E0600A35645 /* Version.swift */; };
		B2E1036B29927EB100A35645 /* String Extensions.swift in Sources */ = {isa = PBXBuildFile; fileRef = B2E1036229927EB100A35645 /* String Extensions.swift */; };
		B2E1036C29927EB100A35645 /* Palette.swift in Sources */ = {isa = PBXBuildFile; fileRef = B2E1036329927EB100A35645 /* Palette.swift */; };
		B2E1036E29927EB100A35645 /* Utility.swift in Sources */ = {isa = PBXBuildFile; fileRef = B2E1036529927EB100A35645 /* Utility.swift */; };
		B2E1037029927EB100A35645 /* Utility Extension.swift in Sources */ = {isa = PBXBuildFile; fileRef = B2E1036729927EB100A35645 /* Utility Extension.swift */; };
		B2E1037129927EB100A35645 /* Date Extensions.swift in Sources */ = {isa = PBXBuildFile; fileRef = B2E1036829927EB100A35645 /* Date Extensions.swift */; };
		B2E1037229927EB100A35645 /* Other Extensions.swift in Sources */ = {isa = PBXBuildFile; fileRef = B2E1036929927EB100A35645 /* Other Extensions.swift */; };
		B2E1037329927EB100A35645 /* Themes.swift in Sources */ = {isa = PBXBuildFile; fileRef = B2E1036A29927EB100A35645 /* Themes.swift */; };
		B2E1038F2992806F00A35645 /* Message Box.swift in Sources */ = {isa = PBXBuildFile; fileRef = B2E103772992806D00A35645 /* Message Box.swift */; };
		B2E103902992806F00A35645 /* Input String.swift in Sources */ = {isa = PBXBuildFile; fileRef = B2E103782992806D00A35645 /* Input String.swift */; };
		B2E103912992806F00A35645 /* Input Title.swift in Sources */ = {isa = PBXBuildFile; fileRef = B2E103792992806D00A35645 /* Input Title.swift */; };
		B2E103922992806F00A35645 /* Target View Modifiers.swift in Sources */ = {isa = PBXBuildFile; fileRef = B2E1037A2992806E00A35645 /* Target View Modifiers.swift */; };
		B2E103932992806F00A35645 /* Toolbar View.swift in Sources */ = {isa = PBXBuildFile; fileRef = B2E1037B2992806E00A35645 /* Toolbar View.swift */; };
		B2E103942992806F00A35645 /* Undo Handler.swift in Sources */ = {isa = PBXBuildFile; fileRef = B2E1037C2992806E00A35645 /* Undo Handler.swift */; };
		B2E103952992806F00A35645 /* Double Column View.swift in Sources */ = {isa = PBXBuildFile; fileRef = B2E1037D2992806E00A35645 /* Double Column View.swift */; };
		B2E103992992806F00A35645 /* Slide In Menu.swift in Sources */ = {isa = PBXBuildFile; fileRef = B2E103812992806E00A35645 /* Slide In Menu.swift */; };
		B2E1039A2992806F00A35645 /* List Tile View.swift in Sources */ = {isa = PBXBuildFile; fileRef = B2E103822992806E00A35645 /* List Tile View.swift */; };
		B2E1039B2992806F00A35645 /* Separator.swift in Sources */ = {isa = PBXBuildFile; fileRef = B2E103832992806E00A35645 /* Separator.swift */; };
		B2E1039C2992806F00A35645 /* Inset View.swift in Sources */ = {isa = PBXBuildFile; fileRef = B2E103842992806E00A35645 /* Inset View.swift */; };
		B2E1039D2992806F00A35645 /* Popup Menu.swift in Sources */ = {isa = PBXBuildFile; fileRef = B2E103852992806E00A35645 /* Popup Menu.swift */; };
		B2E1039E2992806F00A35645 /* Banner.swift in Sources */ = {isa = PBXBuildFile; fileRef = B2E103862992806E00A35645 /* Banner.swift */; };
		B2E103A22992806F00A35645 /* Swipe Gestures.swift in Sources */ = {isa = PBXBuildFile; fileRef = B2E1038A2992806F00A35645 /* Swipe Gestures.swift */; };
		B2E103A62992806F00A35645 /* Standard View.swift in Sources */ = {isa = PBXBuildFile; fileRef = B2E1038E2992806F00A35645 /* Standard View.swift */; };
		B2E103A82992815B00A35645 /* Core Data.swift in Sources */ = {isa = PBXBuildFile; fileRef = B2E103A72992815B00A35645 /* Core Data.swift */; };
		B2E103AA2992817600A35645 /* Flags.swift in Sources */ = {isa = PBXBuildFile; fileRef = B2E103A92992817600A35645 /* Flags.swift */; };
		B2E103AE2992846000A35645 /* Custom View Animations.swift in Sources */ = {isa = PBXBuildFile; fileRef = B2E103AD2992846000A35645 /* Custom View Animations.swift */; };
		B2E103B02992851400A35645 /* My Color.swift in Sources */ = {isa = PBXBuildFile; fileRef = B2E103AF2992851400A35645 /* My Color.swift */; };
		B2E103B22992857D00A35645 /* Import Usebio App.swift in Sources */ = {isa = PBXBuildFile; fileRef = B2E103B12992857D00A35645 /* Import Usebio App.swift */; };
		B2E103B829928D7E00A35645 /* Overlap Button.swift in Sources */ = {isa = PBXBuildFile; fileRef = B2E103B729928D7E00A35645 /* Overlap Button.swift */; };
		B2E103BC29928EB900A35645 /* Select Input View.swift in Sources */ = {isa = PBXBuildFile; fileRef = B2E103BB29928EB900A35645 /* Select Input View.swift */; };
		B2E103C32992B87300A35645 /* Usebio Parser.swift in Sources */ = {isa = PBXBuildFile; fileRef = B2E103C22992B87300A35645 /* Usebio Parser.swift */; };
		B2E103C52994120700A35645 /* Writer.swift in Sources */ = {isa = PBXBuildFile; fileRef = B2E103C42994120700A35645 /* Writer.swift */; };
		B2EDF4A329C8A0D900FB4F80 /* Settings View.swift in Sources */ = {isa = PBXBuildFile; fileRef = B2EDF4A229C8A0D900FB4F80 /* Settings View.swift */; };
		B2EDF4AA29C985D100FB4F80 /* Settings.swift in Sources */ = {isa = PBXBuildFile; fileRef = B2EDF4A929C985D100FB4F80 /* Settings.swift */; };
		B2EDF4AC29C9D70C00FB4F80 /* Assets.xcassets in Resources */ = {isa = PBXBuildFile; fileRef = B2EDF4AB29C9D70C00FB4F80 /* Assets.xcassets */; };
		B2EE64CF2D76027200CB73DC /* Debug Utilities.swift in Sources */ = {isa = PBXBuildFile; fileRef = B2EE64CE2D76027200CB73DC /* Debug Utilities.swift */; };
		B2FDB96429C4644400888DD9 /* Award.bin in Resources */ = {isa = PBXBuildFile; fileRef = B2FDB96329C4644400888DD9 /* Award.bin */; };
		B2FEA7F529A218E900BD43F7 /* Input Integer.swift in Sources */ = {isa = PBXBuildFile; fileRef = B2FEA7F429A218E900BD43F7 /* Input Integer.swift */; };
		B2FEA7F729A636FC00BD43F7 /* Input Float.swift in Sources */ = {isa = PBXBuildFile; fileRef = B2FEA7F629A636FC00BD43F7 /* Input Float.swift */; };
		FA3159DCBD56ECB8B9F9A701 /* Pods_ImportUsebio.framework in Frameworks */ = {isa = PBXBuildFile; fileRef = D2F95071D4EC8ECE243067C0 /* Pods_ImportUsebio.framework */; };
/* End PBXBuildFile section */

/* Begin PBXFileReference section */
		6251B899D03B9B558B6DFAFB /* Pods-ImportUsebio.release.xcconfig */ = {isa = PBXFileReference; includeInIndex = 1; lastKnownFileType = text.xcconfig; name = "Pods-ImportUsebio.release.xcconfig"; path = "Target Support Files/Pods-ImportUsebio/Pods-ImportUsebio.release.xcconfig"; sourceTree = "<group>"; };
		7560428ABF5BBFBD709EC702 /* Pods-ImportUsebio.debug.xcconfig */ = {isa = PBXFileReference; includeInIndex = 1; lastKnownFileType = text.xcconfig; name = "Pods-ImportUsebio.debug.xcconfig"; path = "Target Support Files/Pods-ImportUsebio/Pods-ImportUsebio.debug.xcconfig"; sourceTree = "<group>"; };
		B208737F2E4B7F4D00E509C5 /* Club Managed Object.swift */ = {isa = PBXFileReference; lastKnownFileType = sourcecode.swift; path = "Club Managed Object.swift"; sourceTree = "<group>"; };
		B20873812E4B802B00E509C5 /* Club View Model.swift */ = {isa = PBXFileReference; lastKnownFileType = sourcecode.swift; path = "Club View Model.swift"; sourceTree = "<group>"; };
		B20873832E4B833300E509C5 /* Rank Managed Object.swift */ = {isa = PBXFileReference; lastKnownFileType = sourcecode.swift; path = "Rank Managed Object.swift"; sourceTree = "<group>"; };
		B20873852E4B834300E509C5 /* Rank View Model.swift */ = {isa = PBXFileReference; lastKnownFileType = sourcecode.swift; path = "Rank View Model.swift"; sourceTree = "<group>"; };
		B20873872E4B880E00E509C5 /* Club Import View.swift */ = {isa = PBXFileReference; lastKnownFileType = sourcecode.swift; path = "Club Import View.swift"; sourceTree = "<group>"; };
		B20873892E4B8A3900E509C5 /* Rank Import View.swift */ = {isa = PBXFileReference; lastKnownFileType = sourcecode.swift; path = "Rank Import View.swift"; sourceTree = "<group>"; };
		B208738B2E4C88D600E509C5 /* Rank Codes Search View.swift */ = {isa = PBXFileReference; lastKnownFileType = sourcecode.swift; path = "Rank Codes Search View.swift"; sourceTree = "<group>"; };
		B208738D2E4CCE4D00E509C5 /* Event Codes Search View.swift */ = {isa = PBXFileReference; lastKnownFileType = sourcecode.swift; path = "Event Codes Search View.swift"; sourceTree = "<group>"; };
		B20CFF372994EC8800B09269 /* Validation.swift */ = {isa = PBXFileReference; lastKnownFileType = sourcecode.swift; path = Validation.swift; sourceTree = "<group>"; };
		B2250B482F473843008ACA67 /* Auto Complete.swift */ = {isa = PBXFileReference; lastKnownFileType = sourcecode.swift; path = "Auto Complete.swift"; sourceTree = "<group>"; };
		B2250B4A2F484004008ACA67 /* Clickable Text.swift */ = {isa = PBXFileReference; lastKnownFileType = sourcecode.swift; path = "Clickable Text.swift"; sourceTree = "<group>"; };
		B228E6442F320C5200C24918 /* Member Import.swift */ = {isa = PBXFileReference; lastKnownFileType = sourcecode.swift; path = "Member Import.swift"; sourceTree = "<group>"; };
		B245BF1C2E4DB5A4003D74B7 /* Club Codes Search View.swift */ = {isa = PBXFileReference; lastKnownFileType = sourcecode.swift; path = "Club Codes Search View.swift"; sourceTree = "<group>"; };
		B2667DA42CF4C37F009036BD /* Bridge Calculations.swift */ = {isa = PBXFileReference; lastKnownFileType = sourcecode.swift; path = "Bridge Calculations.swift"; sourceTree = "<group>"; };
		B271D0E429A7B70C003C417C /* Notes.txt */ = {isa = PBXFileReference; fileEncoding = 4; lastKnownFileType = text; path = Notes.txt; sourceTree = "<group>"; };
		B28D69052994C87E00BA73E5 /* Score Data.swift */ = {isa = PBXFileReference; lastKnownFileType = sourcecode.swift; path = "Score Data.swift"; sourceTree = "<group>"; };
		B28D69072994CDCD00BA73E5 /* File System.swift */ = {isa = PBXFileReference; lastKnownFileType = sourcecode.swift; path = "File System.swift"; sourceTree = "<group>"; };
		B28E7B3B2F3DAC3E005282E9 /* Custom Button.swift */ = {isa = PBXFileReference; lastKnownFileType = sourcecode.swift; path = "Custom Button.swift"; sourceTree = "<group>"; };
		B2935F3C299A0E5800963910 /* ImportUsebio.xcworkspace */ = {isa = PBXFileReference; lastKnownFileType = wrapper.workspace; path = ImportUsebio.xcworkspace; sourceTree = "<group>"; };
		B2A22CC52F4328C900FC3B0C /* Strata Definition Managed Object.swift */ = {isa = PBXFileReference; lastKnownFileType = sourcecode.swift; path = "Strata Definition Managed Object.swift"; sourceTree = "<group>"; };
		B2A22CC72F432ADC00FC3B0C /* Strata Defintion View Model.swift */ = {isa = PBXFileReference; lastKnownFileType = sourcecode.swift; path = "Strata Defintion View Model.swift"; sourceTree = "<group>"; };
		B2A22CCA2F43409300FC3B0C /* Stratifications View.swift */ = {isa = PBXFileReference; lastKnownFileType = sourcecode.swift; path = "Stratifications View.swift"; sourceTree = "<group>"; };
		B2A784E929AE293F000425C4 /* Import Rounds.swift */ = {isa = PBXFileReference; lastKnownFileType = sourcecode.swift; path = "Import Rounds.swift"; sourceTree = "<group>"; };
		B2A784EB29B09C87000425C4 /* Show Errors View.swift */ = {isa = PBXFileReference; lastKnownFileType = sourcecode.swift; path = "Show Errors View.swift"; sourceTree = "<group>"; };
		B2A784ED29B5E765000425C4 /* BridgeWebs Csv Parser.swift */ = {isa = PBXFileReference; lastKnownFileType = sourcecode.swift; path = "BridgeWebs Csv Parser.swift"; sourceTree = "<group>"; };
		B2BA8A992E49F84F00B415F5 /* Event Import View.swift */ = {isa = PBXFileReference; lastKnownFileType = sourcecode.swift; path = "Event Import View.swift"; sourceTree = "<group>"; };
		B2BA8A9D2E49FAC200B415F5 /* Drop Delegate.swift */ = {isa = PBXFileReference; lastKnownFileType = sourcecode.swift; path = "Drop Delegate.swift"; sourceTree = "<group>"; };
		B2BA8AA12E4A27D400B415F5 /* Event Managed Object.swift */ = {isa = PBXFileReference; lastKnownFileType = sourcecode.swift; path = "Event Managed Object.swift"; sourceTree = "<group>"; };
		B2BA8AA32E4A290000B415F5 /* Object Model.swift */ = {isa = PBXFileReference; lastKnownFileType = sourcecode.swift; path = "Object Model.swift"; sourceTree = "<group>"; };
		B2BA8AA52E4A2D8F00B415F5 /* Master Data.swift */ = {isa = PBXFileReference; lastKnownFileType = sourcecode.swift; path = "Master Data.swift"; sourceTree = "<group>"; };
		B2BA8AA72E4A301C00B415F5 /* Event View Model.swift */ = {isa = PBXFileReference; lastKnownFileType = sourcecode.swift; path = "Event View Model.swift"; sourceTree = "<group>"; };
		B2BA8AA92E4A3A6A00B415F5 /* Persistence.swift */ = {isa = PBXFileReference; lastKnownFileType = sourcecode.swift; path = Persistence.swift; sourceTree = "<group>"; };
		B2C3246F29CDAECE005D8DED /* Manual Csv Parser.swift */ = {isa = PBXFileReference; lastKnownFileType = sourcecode.swift; path = "Manual Csv Parser.swift"; sourceTree = "<group>"; };
		B2C3247129CEC5D1005D8DED /* Generic Csv Parser.swift */ = {isa = PBXFileReference; lastKnownFileType = sourcecode.swift; path = "Generic Csv Parser.swift"; sourceTree = "<group>"; };
		B2C3247329CF6340005D8DED /* Award.bas */ = {isa = PBXFileReference; fileEncoding = 4; lastKnownFileType = text; path = Award.bas; sourceTree = "<group>"; };
		B2D601062F3B4D8400015BD2 /* Member Managed Object.swift */ = {isa = PBXFileReference; lastKnownFileType = sourcecode.swift; path = "Member Managed Object.swift"; sourceTree = "<group>"; };
		B2D601082F3B4F0800015BD2 /* Member View Model.swift */ = {isa = PBXFileReference; lastKnownFileType = sourcecode.swift; path = "Member View Model.swift"; sourceTree = "<group>"; };
		B2D6010A2F3C9F2600015BD2 /* Blocked Managed Object.swift */ = {isa = PBXFileReference; lastKnownFileType = sourcecode.swift; path = "Blocked Managed Object.swift"; sourceTree = "<group>"; };
		B2D6010C2F3CA04100015BD2 /* Blocked View Model.swift */ = {isa = PBXFileReference; lastKnownFileType = sourcecode.swift; path = "Blocked View Model.swift"; sourceTree = "<group>"; };
		B2D6010E2F3CA4CD00015BD2 /* Blocked Numbers View.swift */ = {isa = PBXFileReference; lastKnownFileType = sourcecode.swift; path = "Blocked Numbers View.swift"; sourceTree = "<group>"; };
		B2E103422992785000A35645 /* ImportUsebio.app */ = {isa = PBXFileReference; explicitFileType = wrapper.application; includeInIndex = 0; path = ImportUsebio.app; sourceTree = BUILT_PRODUCTS_DIR; };
		B2E1034C2992785200A35645 /* Preview Assets.xcassets */ = {isa = PBXFileReference; lastKnownFileType = folder.assetcatalog; path = "Preview Assets.xcassets"; sourceTree = "<group>"; };
		B2E1034E2992785200A35645 /* ImportUsebio.entitlements */ = {isa = PBXFileReference; lastKnownFileType = text.plist.entitlements; path = ImportUsebio.entitlements; sourceTree = "<group>"; };
		B2E1035829927A6A00A35645 /* MyApp.swift */ = {isa = PBXFileReference; lastKnownFileType = sourcecode.swift; path = MyApp.swift; sourceTree = "<group>"; };
		B2E1035A29927AB100A35645 /* UserDefaults.swift */ = {isa = PBXFileReference; lastKnownFileType = sourcecode.swift; path = UserDefaults.swift; sourceTree = "<group>"; };
		B2E1035C29927C3300A35645 /* Declarations.swift */ = {isa = PBXFileReference; lastKnownFileType = sourcecode.swift; path = Declarations.swift; sourceTree = "<group>"; };
		B2E1035F29927E0600A35645 /* Version.swift */ = {isa = PBXFileReference; fileEncoding = 4; lastKnownFileType = sourcecode.swift; path = Version.swift; sourceTree = "<group>"; };
		B2E1036229927EB100A35645 /* String Extensions.swift */ = {isa = PBXFileReference; fileEncoding = 4; lastKnownFileType = sourcecode.swift; path = "String Extensions.swift"; sourceTree = "<group>"; };
		B2E1036329927EB100A35645 /* Palette.swift */ = {isa = PBXFileReference; fileEncoding = 4; lastKnownFileType = sourcecode.swift; path = Palette.swift; sourceTree = "<group>"; };
		B2E1036529927EB100A35645 /* Utility.swift */ = {isa = PBXFileReference; fileEncoding = 4; lastKnownFileType = sourcecode.swift; path = Utility.swift; sourceTree = "<group>"; };
		B2E1036729927EB100A35645 /* Utility Extension.swift */ = {isa = PBXFileReference; fileEncoding = 4; lastKnownFileType = sourcecode.swift; path = "Utility Extension.swift"; sourceTree = "<group>"; };
		B2E1036829927EB100A35645 /* Date Extensions.swift */ = {isa = PBXFileReference; fileEncoding = 4; lastKnownFileType = sourcecode.swift; path = "Date Extensions.swift"; sourceTree = "<group>"; };
		B2E1036929927EB100A35645 /* Other Extensions.swift */ = {isa = PBXFileReference; fileEncoding = 4; lastKnownFileType = sourcecode.swift; path = "Other Extensions.swift"; sourceTree = "<group>"; };
		B2E1036A29927EB100A35645 /* Themes.swift */ = {isa = PBXFileReference; fileEncoding = 4; lastKnownFileType = sourcecode.swift; path = Themes.swift; sourceTree = "<group>"; };
		B2E103772992806D00A35645 /* Message Box.swift */ = {isa = PBXFileReference; fileEncoding = 4; lastKnownFileType = sourcecode.swift; path = "Message Box.swift"; sourceTree = "<group>"; };
		B2E103782992806D00A35645 /* Input String.swift */ = {isa = PBXFileReference; fileEncoding = 4; lastKnownFileType = sourcecode.swift; path = "Input String.swift"; sourceTree = "<group>"; };
		B2E103792992806D00A35645 /* Input Title.swift */ = {isa = PBXFileReference; fileEncoding = 4; lastKnownFileType = sourcecode.swift; path = "Input Title.swift"; sourceTree = "<group>"; };
		B2E1037A2992806E00A35645 /* Target View Modifiers.swift */ = {isa = PBXFileReference; fileEncoding = 4; lastKnownFileType = sourcecode.swift; path = "Target View Modifiers.swift"; sourceTree = "<group>"; };
		B2E1037B2992806E00A35645 /* Toolbar View.swift */ = {isa = PBXFileReference; fileEncoding = 4; lastKnownFileType = sourcecode.swift; path = "Toolbar View.swift"; sourceTree = "<group>"; };
		B2E1037C2992806E00A35645 /* Undo Handler.swift */ = {isa = PBXFileReference; fileEncoding = 4; lastKnownFileType = sourcecode.swift; path = "Undo Handler.swift"; sourceTree = "<group>"; };
		B2E1037D2992806E00A35645 /* Double Column View.swift */ = {isa = PBXFileReference; fileEncoding = 4; lastKnownFileType = sourcecode.swift; path = "Double Column View.swift"; sourceTree = "<group>"; };
		B2E103812992806E00A35645 /* Slide In Menu.swift */ = {isa = PBXFileReference; fileEncoding = 4; lastKnownFileType = sourcecode.swift; path = "Slide In Menu.swift"; sourceTree = "<group>"; };
		B2E103822992806E00A35645 /* List Tile View.swift */ = {isa = PBXFileReference; fileEncoding = 4; lastKnownFileType = sourcecode.swift; path = "List Tile View.swift"; sourceTree = "<group>"; };
		B2E103832992806E00A35645 /* Separator.swift */ = {isa = PBXFileReference; fileEncoding = 4; lastKnownFileType = sourcecode.swift; path = Separator.swift; sourceTree = "<group>"; };
		B2E103842992806E00A35645 /* Inset View.swift */ = {isa = PBXFileReference; fileEncoding = 4; lastKnownFileType = sourcecode.swift; path = "Inset View.swift"; sourceTree = "<group>"; };
		B2E103852992806E00A35645 /* Popup Menu.swift */ = {isa = PBXFileReference; fileEncoding = 4; lastKnownFileType = sourcecode.swift; path = "Popup Menu.swift"; sourceTree = "<group>"; };
		B2E103862992806E00A35645 /* Banner.swift */ = {isa = PBXFileReference; fileEncoding = 4; lastKnownFileType = sourcecode.swift; path = Banner.swift; sourceTree = "<group>"; };
		B2E1038A2992806F00A35645 /* Swipe Gestures.swift */ = {isa = PBXFileReference; fileEncoding = 4; lastKnownFileType = sourcecode.swift; path = "Swipe Gestures.swift"; sourceTree = "<group>"; };
		B2E1038E2992806F00A35645 /* Standard View.swift */ = {isa = PBXFileReference; fileEncoding = 4; lastKnownFileType = sourcecode.swift; path = "Standard View.swift"; sourceTree = "<group>"; };
		B2E103A72992815B00A35645 /* Core Data.swift */ = {isa = PBXFileReference; fileEncoding = 4; lastKnownFileType = sourcecode.swift; path = "Core Data.swift"; sourceTree = "<group>"; };
		B2E103A92992817600A35645 /* Flags.swift */ = {isa = PBXFileReference; fileEncoding = 4; lastKnownFileType = sourcecode.swift; path = Flags.swift; sourceTree = "<group>"; };
		B2E103AD2992846000A35645 /* Custom View Animations.swift */ = {isa = PBXFileReference; fileEncoding = 4; lastKnownFileType = sourcecode.swift; path = "Custom View Animations.swift"; sourceTree = "<group>"; };
		B2E103AF2992851400A35645 /* My Color.swift */ = {isa = PBXFileReference; fileEncoding = 4; lastKnownFileType = sourcecode.swift; path = "My Color.swift"; sourceTree = "<group>"; };
		B2E103B12992857D00A35645 /* Import Usebio App.swift */ = {isa = PBXFileReference; lastKnownFileType = sourcecode.swift; path = "Import Usebio App.swift"; sourceTree = "<group>"; };
		B2E103B729928D7E00A35645 /* Overlap Button.swift */ = {isa = PBXFileReference; lastKnownFileType = sourcecode.swift; path = "Overlap Button.swift"; sourceTree = "<group>"; };
		B2E103BB29928EB900A35645 /* Select Input View.swift */ = {isa = PBXFileReference; fileEncoding = 4; lastKnownFileType = sourcecode.swift; name = "Select Input View.swift"; path = "ImportUsebio/Shared/Select Input View.swift"; sourceTree = SOURCE_ROOT; };
		B2E103C22992B87300A35645 /* Usebio Parser.swift */ = {isa = PBXFileReference; lastKnownFileType = sourcecode.swift; path = "Usebio Parser.swift"; sourceTree = "<group>"; };
		B2E103C42994120700A35645 /* Writer.swift */ = {isa = PBXFileReference; lastKnownFileType = sourcecode.swift; path = Writer.swift; sourceTree = "<group>"; };
		B2EDF4A229C8A0D900FB4F80 /* Settings View.swift */ = {isa = PBXFileReference; lastKnownFileType = sourcecode.swift; path = "Settings View.swift"; sourceTree = "<group>"; };
		B2EDF4A929C985D100FB4F80 /* Settings.swift */ = {isa = PBXFileReference; lastKnownFileType = sourcecode.swift; path = Settings.swift; sourceTree = "<group>"; };
		B2EDF4AB29C9D70C00FB4F80 /* Assets.xcassets */ = {isa = PBXFileReference; lastKnownFileType = folder.assetcatalog; path = Assets.xcassets; sourceTree = "<group>"; };
		B2EE64CE2D76027200CB73DC /* Debug Utilities.swift */ = {isa = PBXFileReference; lastKnownFileType = sourcecode.swift; path = "Debug Utilities.swift"; sourceTree = "<group>"; };
		B2FDB96329C4644400888DD9 /* Award.bin */ = {isa = PBXFileReference; lastKnownFileType = archive.macbinary; path = Award.bin; sourceTree = "<group>"; };
		B2FEA7F429A218E900BD43F7 /* Input Integer.swift */ = {isa = PBXFileReference; fileEncoding = 4; lastKnownFileType = sourcecode.swift; path = "Input Integer.swift"; sourceTree = "<group>"; };
		B2FEA7F629A636FC00BD43F7 /* Input Float.swift */ = {isa = PBXFileReference; fileEncoding = 4; lastKnownFileType = sourcecode.swift; path = "Input Float.swift"; sourceTree = "<group>"; };
		D2F95071D4EC8ECE243067C0 /* Pods_ImportUsebio.framework */ = {isa = PBXFileReference; explicitFileType = wrapper.framework; includeInIndex = 0; path = Pods_ImportUsebio.framework; sourceTree = BUILT_PRODUCTS_DIR; };
/* End PBXFileReference section */

/* Begin PBXFrameworksBuildPhase section */
		B2E1033F2992785000A35645 /* Frameworks */ = {
			isa = PBXFrameworksBuildPhase;
			buildActionMask = 2147483647;
			files = (
				FA3159DCBD56ECB8B9F9A701 /* Pods_ImportUsebio.framework in Frameworks */,
			);
			runOnlyForDeploymentPostprocessing = 0;
		};
/* End PBXFrameworksBuildPhase section */

/* Begin PBXGroup section */
		8E9833FBCBDBB8F0A0CDF842 /* Pods */ = {
			isa = PBXGroup;
			children = (
				7560428ABF5BBFBD709EC702 /* Pods-ImportUsebio.debug.xcconfig */,
				6251B899D03B9B558B6DFAFB /* Pods-ImportUsebio.release.xcconfig */,
			);
			path = Pods;
			sourceTree = "<group>";
		};
		B208737D2E4B7E3300E509C5 /* Managed Objects */ = {
			isa = PBXGroup;
			children = (
				B2BA8AA12E4A27D400B415F5 /* Event Managed Object.swift */,
				B208737F2E4B7F4D00E509C5 /* Club Managed Object.swift */,
				B20873832E4B833300E509C5 /* Rank Managed Object.swift */,
				B2D601062F3B4D8400015BD2 /* Member Managed Object.swift */,
				B2D6010A2F3C9F2600015BD2 /* Blocked Managed Object.swift */,
				B2A22CC52F4328C900FC3B0C /* Strata Definition Managed Object.swift */,
			);
			path = "Managed Objects";
			sourceTree = "<group>";
		};
		B208737E2E4B7E4800E509C5 /* View Models */ = {
			isa = PBXGroup;
			children = (
				B2BA8AA72E4A301C00B415F5 /* Event View Model.swift */,
				B20873812E4B802B00E509C5 /* Club View Model.swift */,
				B20873852E4B834300E509C5 /* Rank View Model.swift */,
				B2D601082F3B4F0800015BD2 /* Member View Model.swift */,
				B2D6010C2F3CA04100015BD2 /* Blocked View Model.swift */,
				B2A22CC72F432ADC00FC3B0C /* Strata Defintion View Model.swift */,
			);
			path = "View Models";
			sourceTree = "<group>";
		};
		B2C3246D29CD8A56005D8DED /* Parsers */ = {
			isa = PBXGroup;
			children = (
				B2E103C22992B87300A35645 /* Usebio Parser.swift */,
				B2C3247129CEC5D1005D8DED /* Generic Csv Parser.swift */,
				B2A784ED29B5E765000425C4 /* BridgeWebs Csv Parser.swift */,
				B2C3246F29CDAECE005D8DED /* Manual Csv Parser.swift */,
			);
			name = Parsers;
			sourceTree = "<group>";
		};
		B2C3246E29CD8A93005D8DED /* Data Structures */ = {
			isa = PBXGroup;
			children = (
				B28D69052994C87E00BA73E5 /* Score Data.swift */,
			);
			name = "Data Structures";
			sourceTree = "<group>";
		};
		B2E103392992785000A35645 = {
			isa = PBXGroup;
			children = (
				B2935F3C299A0E5800963910 /* ImportUsebio.xcworkspace */,
				B2E103442992785000A35645 /* ImportUsebio */,
				B2E103432992785000A35645 /* Products */,
				8E9833FBCBDBB8F0A0CDF842 /* Pods */,
				D1F31D4E1BCCB5CAAA05FA83 /* Frameworks */,
			);
			sourceTree = "<group>";
		};
		B2E103432992785000A35645 /* Products */ = {
			isa = PBXGroup;
			children = (
				B2E103422992785000A35645 /* ImportUsebio.app */,
			);
			name = Products;
			sourceTree = "<group>";
		};
		B2E103442992785000A35645 /* ImportUsebio */ = {
			isa = PBXGroup;
			children = (
				B271D0E429A7B70C003C417C /* Notes.txt */,
				B2E1034E2992785200A35645 /* ImportUsebio.entitlements */,
				B2E103542992792A00A35645 /* Shared */,
				B2E103552992793B00A35645 /* Main App */,
			);
			path = ImportUsebio;
			sourceTree = "<group>";
		};
		B2E1034B2992785200A35645 /* Preview Content */ = {
			isa = PBXGroup;
			children = (
				B2E1034C2992785200A35645 /* Preview Assets.xcassets */,
			);
			path = "Preview Content";
			sourceTree = "<group>";
		};
		B2E103542992792A00A35645 /* Shared */ = {
			isa = PBXGroup;
			children = (
				B2C3247329CF6340005D8DED /* Award.bas */,
				B2FDB96329C4644400888DD9 /* Award.bin */,
				B2E103562992797200A35645 /* Standard Components */,
				B2C3246E29CD8A93005D8DED /* Data Structures */,
				B208737D2E4B7E3300E509C5 /* Managed Objects */,
				B208737E2E4B7E4800E509C5 /* View Models */,
				B2E103C12992B85200A35645 /* Main Classes */,
				B2C3246D29CD8A56005D8DED /* Parsers */,
				B2E103BE2992943A00A35645 /* Shared Views */,
				B2E1035E29927DE500A35645 /* Utilities */,
				B2E1036129927E6500A35645 /* Libraries */,
				B2E103762992801F00A35645 /* Reusable SwiftUI Components */,
			);
			path = Shared;
			sourceTree = "<group>";
		};
		B2E103552992793B00A35645 /* Main App */ = {
			isa = PBXGroup;
			children = (
				B2E10357299279D700A35645 /* Standard Components */,
				B2E1034B2992785200A35645 /* Preview Content */,
				B2EDF4AB29C9D70C00FB4F80 /* Assets.xcassets */,
			);
			path = "Main App";
			sourceTree = "<group>";
		};
		B2E103562992797200A35645 /* Standard Components */ = {
			isa = PBXGroup;
			children = (
				B2E1035829927A6A00A35645 /* MyApp.swift */,
				B2BA8AA92E4A3A6A00B415F5 /* Persistence.swift */,
				B2BA8AA52E4A2D8F00B415F5 /* Master Data.swift */,
				B2E1035A29927AB100A35645 /* UserDefaults.swift */,
				B2E1035C29927C3300A35645 /* Declarations.swift */,
				B2EDF4A929C985D100FB4F80 /* Settings.swift */,
			);
			name = "Standard Components";
			sourceTree = "<group>";
		};
		B2E10357299279D700A35645 /* Standard Components */ = {
			isa = PBXGroup;
			children = (
				B2E103B12992857D00A35645 /* Import Usebio App.swift */,
			);
			name = "Standard Components";
			sourceTree = "<group>";
		};
		B2E1035E29927DE500A35645 /* Utilities */ = {
			isa = PBXGroup;
			children = (
				B2BA8AA32E4A290000B415F5 /* Object Model.swift */,
				B2E1035F29927E0600A35645 /* Version.swift */,
				B2667DA42CF4C37F009036BD /* Bridge Calculations.swift */,
				B28D69072994CDCD00BA73E5 /* File System.swift */,
				B2EE64CE2D76027200CB73DC /* Debug Utilities.swift */,
				B2BA8A9D2E49FAC200B415F5 /* Drop Delegate.swift */,
			);
			name = Utilities;
			sourceTree = "<group>";
		};
		B2E1036129927E6500A35645 /* Libraries */ = {
			isa = PBXGroup;
			children = (
				B2E103A72992815B00A35645 /* Core Data.swift */,
				B2E103AD2992846000A35645 /* Custom View Animations.swift */,
				B2E1036829927EB100A35645 /* Date Extensions.swift */,
				B2E103A92992817600A35645 /* Flags.swift */,
				B2E103AF2992851400A35645 /* My Color.swift */,
				B2E1036929927EB100A35645 /* Other Extensions.swift */,
				B2E1036229927EB100A35645 /* String Extensions.swift */,
				B2E1036329927EB100A35645 /* Palette.swift */,
				B2E1036A29927EB100A35645 /* Themes.swift */,
				B2250B482F473843008ACA67 /* Auto Complete.swift */,
				B2E1036729927EB100A35645 /* Utility Extension.swift */,
				B2E1036529927EB100A35645 /* Utility.swift */,
			);
			name = Libraries;
			sourceTree = "<group>";
		};
		B2E103762992801F00A35645 /* Reusable SwiftUI Components */ = {
			isa = PBXGroup;
			children = (
				B2E103862992806E00A35645 /* Banner.swift */,
				B2E1037D2992806E00A35645 /* Double Column View.swift */,
				B2E103782992806D00A35645 /* Input String.swift */,
				B2FEA7F429A218E900BD43F7 /* Input Integer.swift */,
				B2FEA7F629A636FC00BD43F7 /* Input Float.swift */,
				B2E103792992806D00A35645 /* Input Title.swift */,
				B2250B4A2F484004008ACA67 /* Clickable Text.swift */,
				B2E103842992806E00A35645 /* Inset View.swift */,
				B2E103822992806E00A35645 /* List Tile View.swift */,
				B2E103772992806D00A35645 /* Message Box.swift */,
				B2E103852992806E00A35645 /* Popup Menu.swift */,
				B2E103832992806E00A35645 /* Separator.swift */,
				B2E103812992806E00A35645 /* Slide In Menu.swift */,
				B2E1038E2992806F00A35645 /* Standard View.swift */,
				B2E1038A2992806F00A35645 /* Swipe Gestures.swift */,
				B2E1037A2992806E00A35645 /* Target View Modifiers.swift */,
				B2E1037B2992806E00A35645 /* Toolbar View.swift */,
				B2E1037C2992806E00A35645 /* Undo Handler.swift */,
				B28E7B3B2F3DAC3E005282E9 /* Custom Button.swift */,
				B2E103B729928D7E00A35645 /* Overlap Button.swift */,
			);
			name = "Reusable SwiftUI Components";
			sourceTree = "<group>";
		};
		B2E103BE2992943A00A35645 /* Shared Views */ = {
			isa = PBXGroup;
			children = (
				B2E103BB29928EB900A35645 /* Select Input View.swift */,
				B2A784EB29B09C87000425C4 /* Show Errors View.swift */,
				B208738D2E4CCE4D00E509C5 /* Event Codes Search View.swift */,
				B245BF1C2E4DB5A4003D74B7 /* Club Codes Search View.swift */,
				B208738B2E4C88D600E509C5 /* Rank Codes Search View.swift */,
				B2EDF4A229C8A0D900FB4F80 /* Settings View.swift */,
				B2A22CCA2F43409300FC3B0C /* Stratifications View.swift */,
				B2D6010E2F3CA4CD00015BD2 /* Blocked Numbers View.swift */,
				B2BA8A992E49F84F00B415F5 /* Event Import View.swift */,
				B20873872E4B880E00E509C5 /* Club Import View.swift */,
				B20873892E4B8A3900E509C5 /* Rank Import View.swift */,
			);
			name = "Shared Views";
			sourceTree = "<group>";
		};
		B2E103C12992B85200A35645 /* Main Classes */ = {
			isa = PBXGroup;
			children = (
				B20CFF372994EC8800B09269 /* Validation.swift */,
				B2E103C42994120700A35645 /* Writer.swift */,
				B2A784E929AE293F000425C4 /* Import Rounds.swift */,
				B228E6442F320C5200C24918 /* Member Import.swift */,
			);
			name = "Main Classes";
			sourceTree = "<group>";
		};
		D1F31D4E1BCCB5CAAA05FA83 /* Frameworks */ = {
			isa = PBXGroup;
			children = (
				D2F95071D4EC8ECE243067C0 /* Pods_ImportUsebio.framework */,
			);
			name = Frameworks;
			sourceTree = "<group>";
		};
/* End PBXGroup section */

/* Begin PBXNativeTarget section */
		B2E103412992785000A35645 /* ImportUsebio */ = {
			isa = PBXNativeTarget;
			buildConfigurationList = B2E103512992785200A35645 /* Build configuration list for PBXNativeTarget "ImportUsebio" */;
			buildPhases = (
				1B22462127750C73F44706A2 /* [CP] Check Pods Manifest.lock */,
				B2E1033E2992785000A35645 /* Sources */,
				B2E1033F2992785000A35645 /* Frameworks */,
				B2E103402992785000A35645 /* Resources */,
				5BD2E99692309AB1634C7163 /* [CP] Embed Pods Frameworks */,
			);
			buildRules = (
			);
			dependencies = (
			);
			name = ImportUsebio;
			productName = ImportUsebio;
			productReference = B2E103422992785000A35645 /* ImportUsebio.app */;
			productType = "com.apple.product-type.application";
		};
/* End PBXNativeTarget section */

/* Begin PBXProject section */
		B2E1033A2992785000A35645 /* Project object */ = {
			isa = PBXProject;
			attributes = {
				BuildIndependentTargetsInParallel = 1;
				LastSwiftUpdateCheck = 1420;
				LastUpgradeCheck = 1420;
				TargetAttributes = {
					B2E103412992785000A35645 = {
						CreatedOnToolsVersion = 14.2;
						LastSwiftMigration = 1420;
					};
				};
			};
			buildConfigurationList = B2E1033D2992785000A35645 /* Build configuration list for PBXProject "ImportUsebio" */;
			compatibilityVersion = "Xcode 14.0";
			developmentRegion = en;
			hasScannedForEncodings = 0;
			knownRegions = (
				en,
				Base,
			);
			mainGroup = B2E103392992785000A35645;
			productRefGroup = B2E103432992785000A35645 /* Products */;
			projectDirPath = "";
			projectRoot = "";
			targets = (
				B2E103412992785000A35645 /* ImportUsebio */,
			);
		};
/* End PBXProject section */

/* Begin PBXResourcesBuildPhase section */
		B2E103402992785000A35645 /* Resources */ = {
			isa = PBXResourcesBuildPhase;
			buildActionMask = 2147483647;
			files = (
				B2935F3D299A0E5800963910 /* ImportUsebio.xcworkspace in Resources */,
				B271D0E529A7B70C003C417C /* Notes.txt in Resources */,
				B2E1034D2992785200A35645 /* Preview Assets.xcassets in Resources */,
				B2FDB96429C4644400888DD9 /* Award.bin in Resources */,
				B2C3247429CF6340005D8DED /* Award.bas in Resources */,
				B2EDF4AC29C9D70C00FB4F80 /* Assets.xcassets in Resources */,
			);
			runOnlyForDeploymentPostprocessing = 0;
		};
/* End PBXResourcesBuildPhase section */

/* Begin PBXShellScriptBuildPhase section */
		1B22462127750C73F44706A2 /* [CP] Check Pods Manifest.lock */ = {
			isa = PBXShellScriptBuildPhase;
			buildActionMask = 2147483647;
			files = (
			);
			inputFileListPaths = (
			);
			inputPaths = (
				"${PODS_PODFILE_DIR_PATH}/Podfile.lock",
				"${PODS_ROOT}/Manifest.lock",
			);
			name = "[CP] Check Pods Manifest.lock";
			outputFileListPaths = (
			);
			outputPaths = (
				"$(DERIVED_FILE_DIR)/Pods-ImportUsebio-checkManifestLockResult.txt",
			);
			runOnlyForDeploymentPostprocessing = 0;
			shellPath = /bin/sh;
			shellScript = "diff \"${PODS_PODFILE_DIR_PATH}/Podfile.lock\" \"${PODS_ROOT}/Manifest.lock\" > /dev/null\nif [ $? != 0 ] ; then\n    # print error to STDERR\n    echo \"error: The sandbox is not in sync with the Podfile.lock. Run 'pod install' or update your CocoaPods installation.\" >&2\n    exit 1\nfi\n# This output is used by Xcode 'outputs' to avoid re-running this script phase.\necho \"SUCCESS\" > \"${SCRIPT_OUTPUT_FILE_0}\"\n";
			showEnvVarsInLog = 0;
		};
		5BD2E99692309AB1634C7163 /* [CP] Embed Pods Frameworks */ = {
			isa = PBXShellScriptBuildPhase;
			buildActionMask = 2147483647;
			files = (
			);
			inputFileListPaths = (
				"${PODS_ROOT}/Target Support Files/Pods-ImportUsebio/Pods-ImportUsebio-frameworks-${CONFIGURATION}-input-files.xcfilelist",
			);
			inputPaths = (
			);
			name = "[CP] Embed Pods Frameworks";
			outputFileListPaths = (
				"${PODS_ROOT}/Target Support Files/Pods-ImportUsebio/Pods-ImportUsebio-frameworks-${CONFIGURATION}-output-files.xcfilelist",
			);
			outputPaths = (
			);
			runOnlyForDeploymentPostprocessing = 0;
			shellPath = /bin/sh;
			shellScript = "\"${PODS_ROOT}/Target Support Files/Pods-ImportUsebio/Pods-ImportUsebio-frameworks.sh\"\n";
			showEnvVarsInLog = 0;
		};
/* End PBXShellScriptBuildPhase section */

/* Begin PBXSourcesBuildPhase section */
		B2E1033E2992785000A35645 /* Sources */ = {
			isa = PBXSourcesBuildPhase;
			buildActionMask = 2147483647;
			files = (
				B2E103A82992815B00A35645 /* Core Data.swift in Sources */,
				B2E103C52994120700A35645 /* Writer.swift in Sources */,
				B228E6452F320C5700C24918 /* Member Import.swift in Sources */,
				B2BA8A9A2E49F86000B415F5 /* Event Import View.swift in Sources */,
				B2FEA7F729A636FC00BD43F7 /* Input Float.swift in Sources */,
				B2E1036B29927EB100A35645 /* String Extensions.swift in Sources */,
				B2E103A62992806F00A35645 /* Standard View.swift in Sources */,
				B2A22CC82F432AE400FC3B0C /* Strata Defintion View Model.swift in Sources */,
				B2E1035D29927C3300A35645 /* Declarations.swift in Sources */,
				B2E103AE2992846000A35645 /* Custom View Animations.swift in Sources */,
				B2A784EA29AE293F000425C4 /* Import Rounds.swift in Sources */,
				B2E103912992806F00A35645 /* Input Title.swift in Sources */,
				B2BA8AA22E4A27E900B415F5 /* Event Managed Object.swift in Sources */,
				B20873842E4B833800E509C5 /* Rank Managed Object.swift in Sources */,
				B2FEA7F529A218E900BD43F7 /* Input Integer.swift in Sources */,
				B2E1037229927EB100A35645 /* Other Extensions.swift in Sources */,
				B2E103902992806F00A35645 /* Input String.swift in Sources */,
				B208738A2E4B8A3F00E509C5 /* Rank Import View.swift in Sources */,
				B2A784EC29B09C87000425C4 /* Show Errors View.swift in Sources */,
				B2E103952992806F00A35645 /* Double Column View.swift in Sources */,
				B2E1037129927EB100A35645 /* Date Extensions.swift in Sources */,
				B2BA8AAA2E4A3A6A00B415F5 /* Persistence.swift in Sources */,
				B2E1035B29927AB100A35645 /* UserDefaults.swift in Sources */,
				B2E103942992806F00A35645 /* Undo Handler.swift in Sources */,
				B2E1039B2992806F00A35645 /* Separator.swift in Sources */,
				B20873802E4B7F5700E509C5 /* Club Managed Object.swift in Sources */,
				B2D601072F3B4D8E00015BD2 /* Member Managed Object.swift in Sources */,
				B2E1036E29927EB100A35645 /* Utility.swift in Sources */,
				B2E103B02992851400A35645 /* My Color.swift in Sources */,
				B2E103922992806F00A35645 /* Target View Modifiers.swift in Sources */,
				B2D6010D2F3CA04600015BD2 /* Blocked View Model.swift in Sources */,
				B2E103AA2992817600A35645 /* Flags.swift in Sources */,
				B2E1039C2992806F00A35645 /* Inset View.swift in Sources */,
				B2E103BC29928EB900A35645 /* Select Input View.swift in Sources */,
				B2EDF4AA29C985D100FB4F80 /* Settings.swift in Sources */,
				B2E1038F2992806F00A35645 /* Message Box.swift in Sources */,
				B2E1039D2992806F00A35645 /* Popup Menu.swift in Sources */,
				B2A784EE29B5E765000425C4 /* BridgeWebs Csv Parser.swift in Sources */,
				B20873882E4B881B00E509C5 /* Club Import View.swift in Sources */,
				B2BA8AA82E4A302000B415F5 /* Event View Model.swift in Sources */,
				B2C3247229CEC5D1005D8DED /* Generic Csv Parser.swift in Sources */,
				B245BF1D2E4DB5B0003D74B7 /* Club Codes Search View.swift in Sources */,
				B2E1037329927EB100A35645 /* Themes.swift in Sources */,
				B20873862E4B834800E509C5 /* Rank View Model.swift in Sources */,
				B28E7B3C2F3DAC41005282E9 /* Custom Button.swift in Sources */,
				B2250B4B2F484009008ACA67 /* Clickable Text.swift in Sources */,
				B2A22CCB2F43409900FC3B0C /* Stratifications View.swift in Sources */,
				B2D6010B2F3C9F3600015BD2 /* Blocked Managed Object.swift in Sources */,
				B2E103932992806F00A35645 /* Toolbar View.swift in Sources */,
				B2E103B22992857D00A35645 /* Import Usebio App.swift in Sources */,
				B2EE64CF2D76027200CB73DC /* Debug Utilities.swift in Sources */,
				B2E1036C29927EB100A35645 /* Palette.swift in Sources */,
				B2E1039E2992806F00A35645 /* Banner.swift in Sources */,
				B2E1037029927EB100A35645 /* Utility Extension.swift in Sources */,
				B2667DA52CF4C37F009036BD /* Bridge Calculations.swift in Sources */,
				B2E1039A2992806F00A35645 /* List Tile View.swift in Sources */,
				B2250B492F47384A008ACA67 /* Auto Complete.swift in Sources */,
				B2E103992992806F00A35645 /* Slide In Menu.swift in Sources */,
				B2E103A22992806F00A35645 /* Swipe Gestures.swift in Sources */,
				B2C3247029CDAECE005D8DED /* Manual Csv Parser.swift in Sources */,
				B2BA8AA42E4A290000B415F5 /* Object Model.swift in Sources */,
				B28D69082994CDCD00BA73E5 /* File System.swift in Sources */,
				B20CFF382994EC8800B09269 /* Validation.swift in Sources */,
				B2A22CC62F4328DB00FC3B0C /* Strata Definition Managed Object.swift in Sources */,
				B2E103B829928D7E00A35645 /* Overlap Button.swift in Sources */,
				B2D6010F2F3CA4D400015BD2 /* Blocked Numbers View.swift in Sources */,
				B208738C2E4C88DF00E509C5 /* Rank Codes Search View.swift in Sources */,
				B2D601092F3B4F0E00015BD2 /* Member View Model.swift in Sources */,
				B2BA8A9E2E49FAC200B415F5 /* Drop Delegate.swift in Sources */,
				B2E1036029927E0600A35645 /* Version.swift in Sources */,
				B208738E2E4CCE5A00E509C5 /* Event Codes Search View.swift in Sources */,
				B28D69062994C87E00BA73E5 /* Score Data.swift in Sources */,
				B2E103C32992B87300A35645 /* Usebio Parser.swift in Sources */,
				B20873822E4B803200E509C5 /* Club View Model.swift in Sources */,
				B2EDF4A329C8A0D900FB4F80 /* Settings View.swift in Sources */,
				B2BA8AA62E4A2D9300B415F5 /* Master Data.swift in Sources */,
				B2E1035929927A6A00A35645 /* MyApp.swift in Sources */,
			);
			runOnlyForDeploymentPostprocessing = 0;
		};
/* End PBXSourcesBuildPhase section */

/* Begin XCBuildConfiguration section */
		B2E1034F2992785200A35645 /* Debug */ = {
			isa = XCBuildConfiguration;
			buildSettings = {
				ALWAYS_SEARCH_USER_PATHS = NO;
				CLANG_ANALYZER_NONNULL = YES;
				CLANG_ANALYZER_NUMBER_OBJECT_CONVERSION = YES_AGGRESSIVE;
				CLANG_CXX_LANGUAGE_STANDARD = "gnu++20";
				CLANG_ENABLE_MODULES = YES;
				CLANG_ENABLE_OBJC_ARC = YES;
				CLANG_ENABLE_OBJC_WEAK = YES;
				CLANG_WARN_BLOCK_CAPTURE_AUTORELEASING = YES;
				CLANG_WARN_BOOL_CONVERSION = YES;
				CLANG_WARN_COMMA = YES;
				CLANG_WARN_CONSTANT_CONVERSION = YES;
				CLANG_WARN_DEPRECATED_OBJC_IMPLEMENTATIONS = YES;
				CLANG_WARN_DIRECT_OBJC_ISA_USAGE = YES_ERROR;
				CLANG_WARN_DOCUMENTATION_COMMENTS = YES;
				CLANG_WARN_EMPTY_BODY = YES;
				CLANG_WARN_ENUM_CONVERSION = YES;
				CLANG_WARN_INFINITE_RECURSION = YES;
				CLANG_WARN_INT_CONVERSION = YES;
				CLANG_WARN_NON_LITERAL_NULL_CONVERSION = YES;
				CLANG_WARN_OBJC_IMPLICIT_RETAIN_SELF = YES;
				CLANG_WARN_OBJC_LITERAL_CONVERSION = YES;
				CLANG_WARN_OBJC_ROOT_CLASS = YES_ERROR;
				CLANG_WARN_QUOTED_INCLUDE_IN_FRAMEWORK_HEADER = YES;
				CLANG_WARN_RANGE_LOOP_ANALYSIS = YES;
				CLANG_WARN_STRICT_PROTOTYPES = YES;
				CLANG_WARN_SUSPICIOUS_MOVE = YES;
				CLANG_WARN_UNGUARDED_AVAILABILITY = YES_AGGRESSIVE;
				CLANG_WARN_UNREACHABLE_CODE = YES;
				CLANG_WARN__DUPLICATE_METHOD_MATCH = YES;
				COPY_PHASE_STRIP = NO;
				DEBUG_INFORMATION_FORMAT = dwarf;
				ENABLE_STRICT_OBJC_MSGSEND = YES;
				ENABLE_TESTABILITY = YES;
				GCC_C_LANGUAGE_STANDARD = gnu11;
				GCC_DYNAMIC_NO_PIC = NO;
				GCC_NO_COMMON_BLOCKS = YES;
				GCC_OPTIMIZATION_LEVEL = 0;
				GCC_PREPROCESSOR_DEFINITIONS = (
					"DEBUG=1",
					"$(inherited)",
				);
				GCC_WARN_64_TO_32_BIT_CONVERSION = YES;
				GCC_WARN_ABOUT_RETURN_TYPE = YES_ERROR;
				GCC_WARN_UNDECLARED_SELECTOR = YES;
				GCC_WARN_UNINITIALIZED_AUTOS = YES_AGGRESSIVE;
				GCC_WARN_UNUSED_FUNCTION = YES;
				GCC_WARN_UNUSED_VARIABLE = YES;
				MACOSX_DEPLOYMENT_TARGET = 26.0;
				MTL_ENABLE_DEBUG_INFO = INCLUDE_SOURCE;
				MTL_FAST_MATH = YES;
				ONLY_ACTIVE_ARCH = YES;
				SDKROOT = macosx;
				SWIFT_ACTIVE_COMPILATION_CONDITIONS = DEBUG;
				SWIFT_OPTIMIZATION_LEVEL = "-Onone";
			};
			name = Debug;
		};
		B2E103502992785200A35645 /* Release */ = {
			isa = XCBuildConfiguration;
			buildSettings = {
				ALWAYS_SEARCH_USER_PATHS = NO;
				CLANG_ANALYZER_NONNULL = YES;
				CLANG_ANALYZER_NUMBER_OBJECT_CONVERSION = YES_AGGRESSIVE;
				CLANG_CXX_LANGUAGE_STANDARD = "gnu++20";
				CLANG_ENABLE_MODULES = YES;
				CLANG_ENABLE_OBJC_ARC = YES;
				CLANG_ENABLE_OBJC_WEAK = YES;
				CLANG_WARN_BLOCK_CAPTURE_AUTORELEASING = YES;
				CLANG_WARN_BOOL_CONVERSION = YES;
				CLANG_WARN_COMMA = YES;
				CLANG_WARN_CONSTANT_CONVERSION = YES;
				CLANG_WARN_DEPRECATED_OBJC_IMPLEMENTATIONS = YES;
				CLANG_WARN_DIRECT_OBJC_ISA_USAGE = YES_ERROR;
				CLANG_WARN_DOCUMENTATION_COMMENTS = YES;
				CLANG_WARN_EMPTY_BODY = YES;
				CLANG_WARN_ENUM_CONVERSION = YES;
				CLANG_WARN_INFINITE_RECURSION = YES;
				CLANG_WARN_INT_CONVERSION = YES;
				CLANG_WARN_NON_LITERAL_NULL_CONVERSION = YES;
				CLANG_WARN_OBJC_IMPLICIT_RETAIN_SELF = YES;
				CLANG_WARN_OBJC_LITERAL_CONVERSION = YES;
				CLANG_WARN_OBJC_ROOT_CLASS = YES_ERROR;
				CLANG_WARN_QUOTED_INCLUDE_IN_FRAMEWORK_HEADER = YES;
				CLANG_WARN_RANGE_LOOP_ANALYSIS = YES;
				CLANG_WARN_STRICT_PROTOTYPES = YES;
				CLANG_WARN_SUSPICIOUS_MOVE = YES;
				CLANG_WARN_UNGUARDED_AVAILABILITY = YES_AGGRESSIVE;
				CLANG_WARN_UNREACHABLE_CODE = YES;
				CLANG_WARN__DUPLICATE_METHOD_MATCH = YES;
				COPY_PHASE_STRIP = NO;
				DEBUG_INFORMATION_FORMAT = "dwarf-with-dsym";
				ENABLE_NS_ASSERTIONS = NO;
				ENABLE_STRICT_OBJC_MSGSEND = YES;
				GCC_C_LANGUAGE_STANDARD = gnu11;
				GCC_NO_COMMON_BLOCKS = YES;
				GCC_WARN_64_TO_32_BIT_CONVERSION = YES;
				GCC_WARN_ABOUT_RETURN_TYPE = YES_ERROR;
				GCC_WARN_UNDECLARED_SELECTOR = YES;
				GCC_WARN_UNINITIALIZED_AUTOS = YES_AGGRESSIVE;
				GCC_WARN_UNUSED_FUNCTION = YES;
				GCC_WARN_UNUSED_VARIABLE = YES;
				MACOSX_DEPLOYMENT_TARGET = 26.0;
				MTL_ENABLE_DEBUG_INFO = NO;
				MTL_FAST_MATH = YES;
				SDKROOT = macosx;
				SWIFT_COMPILATION_MODE = wholemodule;
				SWIFT_OPTIMIZATION_LEVEL = "-O";
			};
			name = Release;
		};
		B2E103522992785200A35645 /* Debug */ = {
			isa = XCBuildConfiguration;
			baseConfigurationReference = 7560428ABF5BBFBD709EC702 /* Pods-ImportUsebio.debug.xcconfig */;
			buildSettings = {
				ASSETCATALOG_COMPILER_APPICON_NAME = AppIcon;
				ASSETCATALOG_COMPILER_GLOBAL_ACCENT_COLOR_NAME = AccentColor;
				CLANG_ENABLE_MODULES = YES;
				CODE_SIGN_ENTITLEMENTS = ImportUsebio/ImportUsebio.entitlements;
				CODE_SIGN_STYLE = Automatic;
				COMBINE_HIDPI_IMAGES = YES;
				CURRENT_PROJECT_VERSION = 78;
				DEVELOPMENT_ASSET_PATHS = "\"ImportUsebio/Main App/Preview Content\"";
				DEVELOPMENT_TEAM = 3T7CT2S464;
				ENABLE_APP_SANDBOX = YES;
				ENABLE_HARDENED_RUNTIME = YES;
				ENABLE_INCOMING_NETWORK_CONNECTIONS = NO;
				ENABLE_OUTGOING_NETWORK_CONNECTIONS = YES;
				ENABLE_PREVIEWS = YES;
				ENABLE_RESOURCE_ACCESS_AUDIO_INPUT = NO;
				ENABLE_RESOURCE_ACCESS_BLUETOOTH = NO;
				ENABLE_RESOURCE_ACCESS_CALENDARS = NO;
				ENABLE_RESOURCE_ACCESS_CAMERA = NO;
				ENABLE_RESOURCE_ACCESS_CONTACTS = NO;
				ENABLE_RESOURCE_ACCESS_LOCATION = NO;
				ENABLE_RESOURCE_ACCESS_PRINTING = NO;
				ENABLE_RESOURCE_ACCESS_USB = NO;
				GENERATE_INFOPLIST_FILE = YES;
				INFOPLIST_KEY_NSHumanReadableCopyright = "";
				LD_RUNPATH_SEARCH_PATHS = (
					"$(inherited)",
					"@executable_path/../Frameworks",
				);
				MARKETING_VERSION = 1.0;
				PRODUCT_BUNDLE_IDENTIFIER = MarcShearer.ImportUsebio;
				PRODUCT_NAME = "$(TARGET_NAME)";
				SWIFT_EMIT_LOC_STRINGS = YES;
				SWIFT_OPTIMIZATION_LEVEL = "-Onone";
				SWIFT_VERSION = 5.0;
			};
			name = Debug;
		};
		B2E103532992785200A35645 /* Release */ = {
			isa = XCBuildConfiguration;
			baseConfigurationReference = 6251B899D03B9B558B6DFAFB /* Pods-ImportUsebio.release.xcconfig */;
			buildSettings = {
				ASSETCATALOG_COMPILER_APPICON_NAME = AppIcon;
				ASSETCATALOG_COMPILER_GLOBAL_ACCENT_COLOR_NAME = AccentColor;
				CLANG_ENABLE_MODULES = YES;
				CODE_SIGN_ENTITLEMENTS = ImportUsebio/ImportUsebio.entitlements;
				CODE_SIGN_STYLE = Automatic;
				COMBINE_HIDPI_IMAGES = YES;
				CURRENT_PROJECT_VERSION = 78;
				DEVELOPMENT_ASSET_PATHS = "\"ImportUsebio/Main App/Preview Content\"";
				DEVELOPMENT_TEAM = 3T7CT2S464;
				ENABLE_APP_SANDBOX = YES;
				ENABLE_HARDENED_RUNTIME = YES;
				ENABLE_INCOMING_NETWORK_CONNECTIONS = NO;
				ENABLE_OUTGOING_NETWORK_CONNECTIONS = YES;
				ENABLE_PREVIEWS = YES;
				ENABLE_RESOURCE_ACCESS_AUDIO_INPUT = NO;
				ENABLE_RESOURCE_ACCESS_BLUETOOTH = NO;
				ENABLE_RESOURCE_ACCESS_CALENDARS = NO;
				ENABLE_RESOURCE_ACCESS_CAMERA = NO;
				ENABLE_RESOURCE_ACCESS_CONTACTS = NO;
				ENABLE_RESOURCE_ACCESS_LOCATION = NO;
				ENABLE_RESOURCE_ACCESS_PRINTING = NO;
				ENABLE_RESOURCE_ACCESS_USB = NO;
				GENERATE_INFOPLIST_FILE = YES;
				INFOPLIST_KEY_NSHumanReadableCopyright = "";
				LD_RUNPATH_SEARCH_PATHS = (
					"$(inherited)",
					"@executable_path/../Frameworks",
				);
				MARKETING_VERSION = 1.0;
				PRODUCT_BUNDLE_IDENTIFIER = MarcShearer.ImportUsebio;
				PRODUCT_NAME = "$(TARGET_NAME)";
				SWIFT_EMIT_LOC_STRINGS = YES;
				SWIFT_VERSION = 5.0;
			};
			name = Release;
		};
/* End XCBuildConfiguration section */

/* Begin XCConfigurationList section */
		B2E1033D2992785000A35645 /* Build configuration list for PBXProject "ImportUsebio" */ = {
			isa = XCConfigurationList;
			buildConfigurations = (
				B2E1034F2992785200A35645 /* Debug */,
				B2E103502992785200A35645 /* Release */,
			);
			defaultConfigurationIsVisible = 0;
			defaultConfigurationName = Release;
		};
		B2E103512992785200A35645 /* Build configuration list for PBXNativeTarget "ImportUsebio" */ = {
			isa = XCConfigurationList;
			buildConfigurations = (
				B2E103522992785200A35645 /* Debug */,
				B2E103532992785200A35645 /* Release */,
			);
			defaultConfigurationIsVisible = 0;
			defaultConfigurationName = Release;
		};
/* End XCConfigurationList section */
	};
	rootObject = B2E1033A2992785000A35645 /* Project object */;
}
